// !$*UTF8*$!
{
	archiveVersion = 1;
	classes = {
	};
	objectVersion = 48;
	objects = {

/* Begin PBXBuildFile section */
		22260BD720B5434400C24C10 /* AppDelegate.m in Sources */ = {isa = PBXBuildFile; fileRef = 22260BD620B5434400C24C10 /* AppDelegate.m */; };
		22260BDA20B5434400C24C10 /* ViewController.m in Sources */ = {isa = PBXBuildFile; fileRef = 22260BD920B5434400C24C10 /* ViewController.m */; };
		22260BDD20B5434400C24C10 /* Main.storyboard in Resources */ = {isa = PBXBuildFile; fileRef = 22260BDB20B5434400C24C10 /* Main.storyboard */; };
		22260BDF20B5434400C24C10 /* Assets.xcassets in Resources */ = {isa = PBXBuildFile; fileRef = 22260BDE20B5434400C24C10 /* Assets.xcassets */; };
		22260BE220B5434400C24C10 /* LaunchScreen.storyboard in Resources */ = {isa = PBXBuildFile; fileRef = 22260BE020B5434400C24C10 /* LaunchScreen.storyboard */; };
		22260BE520B5434400C24C10 /* main.m in Sources */ = {isa = PBXBuildFile; fileRef = 22260BE420B5434400C24C10 /* main.m */; };
/* End PBXBuildFile section */

/* Begin PBXFileReference section */
		22260BD220B5434400C24C10 /* deom2Master.app */ = {isa = PBXFileReference; explicitFileType = wrapper.application; includeInIndex = 0; path = deom2Master.app; sourceTree = BUILT_PRODUCTS_DIR; };
		22260BD520B5434400C24C10 /* AppDelegate.h */ = {isa = PBXFileReference; lastKnownFileType = sourcecode.c.h; path = AppDelegate.h; sourceTree = "<group>"; };
		22260BD620B5434400C24C10 /* AppDelegate.m */ = {isa = PBXFileReference; lastKnownFileType = sourcecode.c.objc; path = AppDelegate.m; sourceTree = "<group>"; };
		22260BD820B5434400C24C10 /* ViewController.h */ = {isa = PBXFileReference; lastKnownFileType = sourcecode.c.h; path = ViewController.h; sourceTree = "<group>"; };
		22260BD920B5434400C24C10 /* ViewController.m */ = {isa = PBXFileReference; lastKnownFileType = sourcecode.c.objc; path = ViewController.m; sourceTree = "<group>"; };
		22260BDC20B5434400C24C10 /* Base */ = {isa = PBXFileReference; lastKnownFileType = file.storyboard; name = Base; path = Base.lproj/Main.storyboard; sourceTree = "<group>"; };
		22260BDE20B5434400C24C10 /* Assets.xcassets */ = {isa = PBXFileReference; lastKnownFileType = folder.assetcatalog; path = Assets.xcassets; sourceTree = "<group>"; };
		22260BE120B5434400C24C10 /* Base */ = {isa = PBXFileReference; lastKnownFileType = file.storyboard; name = Base; path = Base.lproj/LaunchScreen.storyboard; sourceTree = "<group>"; };
		22260BE320B5434400C24C10 /* Info.plist */ = {isa = PBXFileReference; lastKnownFileType = text.plist.xml; path = Info.plist; sourceTree = "<group>"; };
		22260BE420B5434400C24C10 /* main.m */ = {isa = PBXFileReference; lastKnownFileType = sourcecode.c.objc; path = main.m; sourceTree = "<group>"; };
/* End PBXFileReference section */

/* Begin PBXFrameworksBuildPhase section */
		22260BCF20B5434400C24C10 /* Frameworks */ = {
			isa = PBXFrameworksBuildPhase;
			buildActionMask = 2147483647;
			files = (
			);
			runOnlyForDeploymentPostprocessing = 0;
		};
/* End PBXFrameworksBuildPhase section */

/* Begin PBXGroup section */
		22260BC920B5434400C24C10 = {
			isa = PBXGroup;
			children = (
				22260BD420B5434400C24C10 /* deom2Master */,
				22260BD320B5434400C24C10 /* Products */,
			);
			sourceTree = "<group>";
		};
		22260BD320B5434400C24C10 /* Products */ = {
			isa = PBXGroup;
			children = (
				22260BD220B5434400C24C10 /* deom2Master.app */,
			);
			name = Products;
			sourceTree = "<group>";
		};
		22260BD420B5434400C24C10 /* deom2Master */ = {
			isa = PBXGroup;
			children = (
				22260BD520B5434400C24C10 /* AppDelegate.h */,
				22260BD620B5434400C24C10 /* AppDelegate.m */,
				22260BD820B5434400C24C10 /* ViewController.h */,
				22260BD920B5434400C24C10 /* ViewController.m */,
				22260BDB20B5434400C24C10 /* Main.storyboard */,
				22260BDE20B5434400C24C10 /* Assets.xcassets */,
				22260BE020B5434400C24C10 /* LaunchScreen.storyboard */,
				22260BE320B5434400C24C10 /* Info.plist */,
				22260BE420B5434400C24C10 /* main.m */,
			);
			path = deom2Master;
			sourceTree = "<group>";
		};
/* End PBXGroup section */

/* Begin PBXNativeTarget section */
		22260BD120B5434400C24C10 /* deom2Master */ = {
			isa = PBXNativeTarget;
			buildConfigurationList = 22260BE820B5434400C24C10 /* Build configuration list for PBXNativeTarget "deom2Master" */;
			buildPhases = (
				22260BCE20B5434400C24C10 /* Sources */,
				22260BCF20B5434400C24C10 /* Frameworks */,
				22260BD020B5434400C24C10 /* Resources */,
			);
			buildRules = (
			);
			dependencies = (
			);
			name = deom2Master;
			productName = deom2Master;
			productReference = 22260BD220B5434400C24C10 /* deom2Master.app */;
			productType = "com.apple.product-type.application";
		};
/* End PBXNativeTarget section */

/* Begin PBXProject section */
		22260BCA20B5434400C24C10 /* Project object */ = {
			isa = PBXProject;
			attributes = {
				LastUpgradeCheck = 0920;
				ORGANIZATIONNAME = "Dhanraj Subhash Bhandari";
				TargetAttributes = {
					22260BD120B5434400C24C10 = {
						CreatedOnToolsVersion = 9.2;
						ProvisioningStyle = Automatic;
					};
				};
			};
			buildConfigurationList = 22260BCD20B5434400C24C10 /* Build configuration list for PBXProject "deom2Master" */;
			compatibilityVersion = "Xcode 8.0";
			developmentRegion = en;
			hasScannedForEncodings = 0;
			knownRegions = (
				en,
				Base,
			);
			mainGroup = 22260BC920B5434400C24C10;
			productRefGroup = 22260BD320B5434400C24C10 /* Products */;
			projectDirPath = "";
			projectRoot = "";
			targets = (
				22260BD120B5434400C24C10 /* deom2Master */,
			);
		};
/* End PBXProject section */

/* Begin PBXResourcesBuildPhase section */
		22260BD020B5434400C24C10 /* Resources */ = {
			isa = PBXResourcesBuildPhase;
			buildActionMask = 2147483647;
			files = (
				22260BE220B5434400C24C10 /* LaunchScreen.storyboard in Resources */,
				22260BDF20B5434400C24C10 /* Assets.xcassets in Resources */,
				22260BDD20B5434400C24C10 /* Main.storyboard in Resources */,
			);
			runOnlyForDeploymentPostprocessing = 0;
		};
/* End PBXResourcesBuildPhase section */

/* Begin PBXSourcesBuildPhase section */
		22260BCE20B5434400C24C10 /* Sources */ = {
			isa = PBXSourcesBuildPhase;
			buildActionMask = 2147483647;
			files = (
				22260BDA20B5434400C24C10 /* ViewController.m in Sources */,
				22260BE520B5434400C24C10 /* main.m in Sources */,
				22260BD720B5434400C24C10 /* AppDelegate.m in Sources */,
			);
			runOnlyForDeploymentPostprocessing = 0;
		};
/* End PBXSourcesBuildPhase section */

/* Begin PBXVariantGroup section */
		22260BDB20B5434400C24C10 /* Main.storyboard */ = {
			isa = PBXVariantGroup;
			children = (
				22260BDC20B5434400C24C10 /* Base */,
			);
			name = Main.storyboard;
			sourceTree = "<group>";
		};
		22260BE020B5434400C24C10 /* LaunchScreen.storyboard */ = {
			isa = PBXVariantGroup;
			children = (
				22260BE120B5434400C24C10 /* Base */,
			);
			name = LaunchScreen.storyboard;
			sourceTree = "<group>";
		};
/* End PBXVariantGroup section */

/* Begin XCBuildConfiguration section */
		22260BE620B5434400C24C10 /* Debug */ = {
			isa = XCBuildConfiguration;
			buildSettings = {
				ALWAYS_SEARCH_USER_PATHS = NO;
				CLANG_ANALYZER_NONNULL = YES;
				CLANG_ANALYZER_NUMBER_OBJECT_CONVERSION = YES_AGGRESSIVE;
				CLANG_CXX_LANGUAGE_STANDARD = "gnu++14";
				CLANG_CXX_LIBRARY = "libc++";
				CLANG_ENABLE_MODULES = YES;
				CLANG_ENABLE_OBJC_ARC = YES;
				CLANG_WARN_BLOCK_CAPTURE_AUTORELEASING = YES;
				CLANG_WARN_BOOL_CONVERSION = YES;
				CLANG_WARN_COMMA = YES;
				CLANG_WARN_CONSTANT_CONVERSION = YES;
				CLANG_WARN_DIRECT_OBJC_ISA_USAGE = YES_ERROR;
				CLANG_WARN_DOCUMENTATION_COMMENTS = YES;
				CLANG_WARN_EMPTY_BODY = YES;
				CLANG_WARN_ENUM_CONVERSION = YES;
				CLANG_WARN_INFINITE_RECURSION = YES;
				CLANG_WARN_INT_CONVERSION = YES;
				CLANG_WARN_NON_LITERAL_NULL_CONVERSION = YES;
				CLANG_WARN_OBJC_LITERAL_CONVERSION = YES;
				CLANG_WARN_OBJC_ROOT_CLASS = YES_ERROR;
				CLANG_WARN_RANGE_LOOP_ANALYSIS = YES;
				CLANG_WARN_STRICT_PROTOTYPES = YES;
				CLANG_WARN_SUSPICIOUS_MOVE = YES;
				CLANG_WARN_UNGUARDED_AVAILABILITY = YES_AGGRESSIVE;
				CLANG_WARN_UNREACHABLE_CODE = YES;
				CLANG_WARN__DUPLICATE_METHOD_MATCH = YES;
				CODE_SIGN_IDENTITY = "iPhone Developer";
				COPY_PHASE_STRIP = NO;
				DEBUG_INFORMATION_FORMAT = dwarf;
				ENABLE_STRICT_OBJC_MSGSEND = YES;
				ENABLE_TESTABILITY = YES;
				GCC_C_LANGUAGE_STANDARD = gnu11;
				GCC_DYNAMIC_NO_PIC = NO;
				GCC_NO_COMMON_BLOCKS = YES;
				GCC_OPTIMIZATION_LEVEL = 0;
				GCC_PREPROCESSOR_DEFINITIONS = (
					"DEBUG=1",
					"$(inherited)",
				);
				GCC_WARN_64_TO_32_BIT_CONVERSION = YES;
				GCC_WARN_ABOUT_RETURN_TYPE = YES_ERROR;
				GCC_WARN_UNDECLARED_SELECTOR = YES;
				GCC_WARN_UNINITIALIZED_AUTOS = YES_AGGRESSIVE;
				GCC_WARN_UNUSED_FUNCTION = YES;
				GCC_WARN_UNUSED_VARIABLE = YES;
				IPHONEOS_DEPLOYMENT_TARGET = 11.2;
				MTL_ENABLE_DEBUG_INFO = YES;
				ONLY_ACTIVE_ARCH = YES;
				SDKROOT = iphoneos;
			};
			name = Debug;
		};
		22260BE720B5434400C24C10 /* Release */ = {
			isa = XCBuildConfiguration;
			buildSettings = {
				ALWAYS_SEARCH_USER_PATHS = NO;
				CLANG_ANALYZER_NONNULL = YES;
				CLANG_ANALYZER_NUMBER_OBJECT_CONVERSION = YES_AGGRESSIVE;
				CLANG_CXX_LANGUAGE_STANDARD = "gnu++14";
				CLANG_CXX_LIBRARY = "libc++";
				CLANG_ENABLE_MODULES = YES;
				CLANG_ENABLE_OBJC_ARC = YES;
				CLANG_WARN_BLOCK_CAPTURE_AUTORELEASING = YES;
				CLANG_WARN_BOOL_CONVERSION = YES;
				CLANG_WARN_COMMA = YES;
				CLANG_WARN_CONSTANT_CONVERSION = YES;
				CLANG_WARN_DIRECT_OBJC_ISA_USAGE = YES_ERROR;
				CLANG_WARN_DOCUMENTATION_COMMENTS = YES;
				CLANG_WARN_EMPTY_BODY = YES;
				CLANG_WARN_ENUM_CONVERSION = YES;
				CLANG_WARN_INFINITE_RECURSION = YES;
				CLANG_WARN_INT_CONVERSION = YES;
				CLANG_WARN_NON_LITERAL_NULL_CONVERSION = YES;
				CLANG_WARN_OBJC_LITERAL_CONVERSION = YES;
				CLANG_WARN_OBJC_ROOT_CLASS = YES_ERROR;
				CLANG_WARN_RANGE_LOOP_ANALYSIS = YES;
				CLANG_WARN_STRICT_PROTOTYPES = YES;
				CLANG_WARN_SUSPICIOUS_MOVE = YES;
				CLANG_WARN_UNGUARDED_AVAILABILITY = YES_AGGRESSIVE;
				CLANG_WARN_UNREACHABLE_CODE = YES;
				CLANG_WARN__DUPLICATE_METHOD_MATCH = YES;
				CODE_SIGN_IDENTITY = "iPhone Developer";
				COPY_PHASE_STRIP = NO;
				DEBUG_INFORMATION_FORMAT = "dwarf-with-dsym";
				ENABLE_NS_ASSERTIONS = NO;
				ENABLE_STRICT_OBJC_MSGSEND = YES;
				GCC_C_LANGUAGE_STANDARD = gnu11;
				GCC_NO_COMMON_BLOCKS = YES;
				GCC_WARN_64_TO_32_BIT_CONVERSION = YES;
				GCC_WARN_ABOUT_RETURN_TYPE = YES_ERROR;
				GCC_WARN_UNDECLARED_SELECTOR = YES;
				GCC_WARN_UNINITIALIZED_AUTOS = YES_AGGRESSIVE;
				GCC_WARN_UNUSED_FUNCTION = YES;
				GCC_WARN_UNUSED_VARIABLE = YES;
				IPHONEOS_DEPLOYMENT_TARGET = 11.2;
				MTL_ENABLE_DEBUG_INFO = NO;
				SDKROOT = iphoneos;
				VALIDATE_PRODUCT = YES;
			};
			name = Release;
		};
		22260BE920B5434400C24C10 /* Debug */ = {
			isa = XCBuildConfiguration;
			buildSettings = {
				ASSETCATALOG_COMPILER_APPICON_NAME = AppIcon;
				CODE_SIGN_STYLE = Automatic;
				INFOPLIST_FILE = deom2Master/Info.plist;
				LD_RUNPATH_SEARCH_PATHS = "$(inherited) @executable_path/Frameworks";
				PRODUCT_BUNDLE_IDENTIFIER = DhanrajMac.deom2Master;
				PRODUCT_NAME = "$(TARGET_NAME)";
				TARGETED_DEVICE_FAMILY = "1,2";
			};
			name = Debug;
		};
		22260BEA20B5434400C24C10 /* Release */ = {
			isa = XCBuildConfiguration;
			buildSettings = {
				ASSETCATALOG_COMPILER_APPICON_NAME = AppIcon;
				CODE_SIGN_STYLE = Automatic;
				INFOPLIST_FILE = deom2Master/Info.plist;
				LD_RUNPATH_SEARCH_PATHS = "$(inherited) @executable_path/Frameworks";
				PRODUCT_BUNDLE_IDENTIFIER = DhanrajMac.deom2Master;
				PRODUCT_NAME = "$(TARGET_NAME)";
				TARGETED_DEVICE_FAMILY = "1,2";
			};
			name = Release;
		};
/* End XCBuildConfiguration section */

/* Begin XCConfigurationList section */
		22260BCD20B5434400C24C10 /* Build configuration list for PBXProject "deom2Master" */ = {
			isa = XCConfigurationList;
			buildConfigurations = (
				22260BE620B5434400C24C10 /* Debug */,
				22260BE720B5434400C24C10 /* Release */,
			);
			defaultConfigurationIsVisible = 0;
			defaultConfigurationName = Release;
		};
		22260BE820B5434400C24C10 /* Build configuration list for PBXNativeTarget "deom2Master" */ = {
			isa = XCConfigurationList;
			buildConfigurations = (
				22260BE920B5434400C24C10 /* Debug */,
				22260BEA20B5434400C24C10 /* Release */,
			);
			defaultConfigurationIsVisible = 0;
			defaultConfigurationName = Release;
		};
/* End XCConfigurationList section */
	};
	rootObject = 22260BCA20B5434400C24C10 /* Project object */;
}
